
Microsoft Visual Studio Solution File, Format Version 12.00
# Visual Studio Version 17
VisualStudioVersion = 17.3.32929.385
MinimumVisualStudioVersion = 10.0.40219.1
Project("{9A19103F-16F7-4668-BE54-9A1E7A4F7556}") = "Softwaholic", "Softwaholic.csproj", "{FB8418BB-03FF-4645-BC45-E82329E39BA2}"
EndProject
Project("{9A19103F-16F7-4668-BE54-9A1E7A4F7556}") = "SM.DataLayer", "..\VieDataLayer\SM.DataLayer.csproj", "{748A93D7-29FA-43FE-B8AC-6939649CA9A6}"
EndProject
Project("{9A19103F-16F7-4668-BE54-9A1E7A4F7556}") = "TMKLibrary", "..\TMKLibrary\TMKLibrary.csproj", "{E2400A9C-A6D1-4B80-A59D-BDD81FCC08CD}"
EndProject
Global
	GlobalSection(SolutionConfigurationPlatforms) = preSolution
		Debug|Any CPU = Debug|Any CPU
		Release|Any CPU = Release|Any CPU
	EndGlobalSection
	GlobalSection(ProjectConfigurationPlatforms) = postSolution
		{FB8418BB-03FF-4645-BC45-E82329E39BA2}.Debug|Any CPU.ActiveCfg = Debug|Any CPU
		{FB8418BB-03FF-4645-BC45-E82329E39BA2}.Debug|Any CPU.Build.0 = Debug|Any CPU
		{FB8418BB-03FF-4645-BC45-E82329E39BA2}.Release|Any CPU.ActiveCfg = Release|Any CPU
		{FB8418BB-03FF-4645-BC45-E82329E39BA2}.Release|Any CPU.Build.0 = Release|Any CPU
		{748A93D7-29FA-43FE-B8AC-6939649CA9A6}.Debug|Any CPU.ActiveCfg = Debug|Any CPU
		{748A93D7-29FA-43FE-B8AC-6939649CA9A6}.Debug|Any CPU.Build.0 = Debug|Any CPU
		{748A93D7-29FA-43FE-B8AC-6939649CA9A6}.Release|Any CPU.ActiveCfg = Release|Any CPU
		{748A93D7-29FA-43FE-B8AC-6939649CA9A6}.Release|Any CPU.Build.0 = Release|Any CPU
		{E2400A9C-A6D1-4B80-A59D-BDD81FCC08CD}.Debug|Any CPU.ActiveCfg = Debug|Any CPU
		{E2400A9C-A6D1-4B80-A59D-BDD81FCC08CD}.Debug|Any CPU.Build.0 = Debug|Any CPU
		{E2400A9C-A6D1-4B80-A59D-BDD81FCC08CD}.Release|Any CPU.ActiveCfg = Release|Any CPU
		{E2400A9C-A6D1-4B80-A59D-BDD81FCC08CD}.Release|Any CPU.Build.0 = Release|Any CPU
	EndGlobalSection
	GlobalSection(SolutionProperties) = preSolution
		HideSolutionNode = FALSE
	EndGlobalSection
	GlobalSection(ExtensibilityGlobals) = postSolution
		SolutionGuid = {80B7C56C-8647-4EC2-BDC9-37963C3412BB}
	EndGlobalSection
EndGlobal
